
Microsoft Visual Studio Solution File, Format Version 12.00
# Visual Studio 15
VisualStudioVersion = 15.0.27703.2042
MinimumVisualStudioVersion = 10.0.40219.1
Project("{FAE04EC0-301F-11D3-BF4B-00C04F79EFBC}") = "Algorithms_DataStructures", "Algorithms_DataStructures\Algorithms_DataStructures.csproj", "{0E509A97-1073-4F8F-B078-AC94570698C6}"
EndProject
Global
	GlobalSection(SolutionConfigurationPlatforms) = preSolution
		Debug|Any CPU = Debug|Any CPU
		Release|Any CPU = Release|Any CPU
	EndGlobalSection
	GlobalSection(ProjectConfigurationPlatforms) = postSolution
		{0E509A97-1073-4F8F-B078-AC94570698C6}.Debug|Any CPU.ActiveCfg = Debug|Any CPU
		{0E509A97-1073-4F8F-B078-AC94570698C6}.Debug|Any CPU.Build.0 = Debug|Any CPU
		{0E509A97-1073-4F8F-B078-AC94570698C6}.Release|Any CPU.ActiveCfg = Release|Any CPU
		{0E509A97-1073-4F8F-B078-AC94570698C6}.Release|Any CPU.Build.0 = Release|Any CPU
	EndGlobalSection
	GlobalSection(SolutionProperties) = preSolution
		HideSolutionNode = FALSE
	EndGlobalSection
	GlobalSection(ExtensibilityGlobals) = postSolution
		SolutionGuid = {4672970D-4D8A-47CF-BC76-C1F4E00E7DA1}
	EndGlobalSection
EndGlobal
